
Microsoft Visual Studio Solution File, Format Version 12.00
# Visual Studio Version 17
VisualStudioVersion = 17.8.34330.188
MinimumVisualStudioVersion = 10.0.40219.1
Project("{8BC9CEB8-8B4A-11D0-8D11-00A0C91BC942}") = "HomeWork2", "HomeWork2\HomeWork2.vcxproj", "{7749753D-E70F-432D-BF5F-B190E112BE5B}"
EndProject
Global
	GlobalSection(SolutionConfigurationPlatforms) = preSolution
		Debug|x64 = Debug|x64
		Debug|x86 = Debug|x86
		Release|x64 = Release|x64
		Release|x86 = Release|x86
	EndGlobalSection
	GlobalSection(ProjectConfigurationPlatforms) = postSolution
		{7749753D-E70F-432D-BF5F-B190E112BE5B}.Debug|x64.ActiveCfg = Debug|x64
		{7749753D-E70F-432D-BF5F-B190E112BE5B}.Debug|x64.Build.0 = Debug|x64
		{7749753D-E70F-432D-BF5F-B190E112BE5B}.Debug|x86.ActiveCfg = Debug|Win32
		{7749753D-E70F-432D-BF5F-B190E112BE5B}.Debug|x86.Build.0 = Debug|Win32
		{7749753D-E70F-432D-BF5F-B190E112BE5B}.Release|x64.ActiveCfg = Release|x64
		{7749753D-E70F-432D-BF5F-B190E112BE5B}.Release|x64.Build.0 = Release|x64
		{7749753D-E70F-432D-BF5F-B190E112BE5B}.Release|x86.ActiveCfg = Release|Win32
		{7749753D-E70F-432D-BF5F-B190E112BE5B}.Release|x86.Build.0 = Release|Win32
	EndGlobalSection
	GlobalSection(SolutionProperties) = preSolution
		HideSolutionNode = FALSE
	EndGlobalSection
	GlobalSection(ExtensibilityGlobals) = postSolution
		SolutionGuid = {60ED903A-6064-432F-BCDA-63C0735E0484}
	EndGlobalSection
EndGlobal
